// !$*UTF8*$!
{
	archiveVersion = 1;
	classes = {
	};
	objectVersion = 46;
	objects = {

/* Begin PBXBuildFile section */
		95874C8B1D58162D004E31B5 /* main.m in Sources */ = {isa = PBXBuildFile; fileRef = 95874C8A1D58162D004E31B5 /* main.m */; };
		95874C8E1D58162D004E31B5 /* AppDelegate.m in Sources */ = {isa = PBXBuildFile; fileRef = 95874C8D1D58162D004E31B5 /* AppDelegate.m */; };
		95874C911D58162D004E31B5 /* ViewController.m in Sources */ = {isa = PBXBuildFile; fileRef = 95874C901D58162D004E31B5 /* ViewController.m */; };
		95874C941D58162D004E31B5 /* Main.storyboard in Resources */ = {isa = PBXBuildFile; fileRef = 95874C921D58162D004E31B5 /* Main.storyboard */; };
		95874C961D58162D004E31B5 /* Assets.xcassets in Resources */ = {isa = PBXBuildFile; fileRef = 95874C951D58162D004E31B5 /* Assets.xcassets */; };
		95874C991D58162D004E31B5 /* LaunchScreen.storyboard in Resources */ = {isa = PBXBuildFile; fileRef = 95874C971D58162D004E31B5 /* LaunchScreen.storyboard */; };
		95874CA51D5816AC004E31B5 /* UIColor+NotRGB.m in Sources */ = {isa = PBXBuildFile; fileRef = 95874CA41D5816AC004E31B5 /* UIColor+NotRGB.m */; };
/* End PBXBuildFile section */

/* Begin PBXFileReference section */
		95874C861D58162D004E31B5 /* UIColor16.app */ = {isa = PBXFileReference; explicitFileType = wrapper.application; includeInIndex = 0; path = UIColor16.app; sourceTree = BUILT_PRODUCTS_DIR; };
		95874C8A1D58162D004E31B5 /* main.m */ = {isa = PBXFileReference; lastKnownFileType = sourcecode.c.objc; path = main.m; sourceTree = "<group>"; };
		95874C8C1D58162D004E31B5 /* AppDelegate.h */ = {isa = PBXFileReference; lastKnownFileType = sourcecode.c.h; path = AppDelegate.h; sourceTree = "<group>"; };
		95874C8D1D58162D004E31B5 /* AppDelegate.m */ = {isa = PBXFileReference; lastKnownFileType = sourcecode.c.objc; path = AppDelegate.m; sourceTree = "<group>"; };
		95874C8F1D58162D004E31B5 /* ViewController.h */ = {isa = PBXFileReference; lastKnownFileType = sourcecode.c.h; path = ViewController.h; sourceTree = "<group>"; };
		95874C901D58162D004E31B5 /* ViewController.m */ = {isa = PBXFileReference; lastKnownFileType = sourcecode.c.objc; path = ViewController.m; sourceTree = "<group>"; };
		95874C931D58162D004E31B5 /* Base */ = {isa = PBXFileReference; lastKnownFileType = file.storyboard; name = Base; path = Base.lproj/Main.storyboard; sourceTree = "<group>"; };
		95874C951D58162D004E31B5 /* Assets.xcassets */ = {isa = PBXFileReference; lastKnownFileType = folder.assetcatalog; path = Assets.xcassets; sourceTree = "<group>"; };
		95874C981D58162D004E31B5 /* Base */ = {isa = PBXFileReference; lastKnownFileType = file.storyboard; name = Base; path = Base.lproj/LaunchScreen.storyboard; sourceTree = "<group>"; };
		95874C9A1D58162D004E31B5 /* Info.plist */ = {isa = PBXFileReference; lastKnownFileType = text.plist.xml; path = Info.plist; sourceTree = "<group>"; };
		95874CA31D5816AC004E31B5 /* UIColor+NotRGB.h */ = {isa = PBXFileReference; fileEncoding = 4; lastKnownFileType = sourcecode.c.h; name = "UIColor+NotRGB.h"; path = "../UIColor+NotRGB.h"; sourceTree = "<group>"; };
		95874CA41D5816AC004E31B5 /* UIColor+NotRGB.m */ = {isa = PBXFileReference; fileEncoding = 4; lastKnownFileType = sourcecode.c.objc; name = "UIColor+NotRGB.m"; path = "../UIColor+NotRGB.m"; sourceTree = "<group>"; };
/* End PBXFileReference section */

/* Begin PBXFrameworksBuildPhase section */
		95874C831D58162D004E31B5 /* Frameworks */ = {
			isa = PBXFrameworksBuildPhase;
			buildActionMask = 2147483647;
			files = (
			);
			runOnlyForDeploymentPostprocessing = 0;
		};
/* End PBXFrameworksBuildPhase section */

/* Begin PBXGroup section */
		95874C7D1D58162D004E31B5 = {
			isa = PBXGroup;
			children = (
				95874C881D58162D004E31B5 /* UIColor16 */,
				95874C871D58162D004E31B5 /* Products */,
			);
			sourceTree = "<group>";
		};
		95874C871D58162D004E31B5 /* Products */ = {
			isa = PBXGroup;
			children = (
				95874C861D58162D004E31B5 /* UIColor16.app */,
			);
			name = Products;
			sourceTree = "<group>";
		};
		95874C881D58162D004E31B5 /* UIColor16 */ = {
			isa = PBXGroup;
			children = (
				95874C8C1D58162D004E31B5 /* AppDelegate.h */,
				95874C8D1D58162D004E31B5 /* AppDelegate.m */,
				95874C8F1D58162D004E31B5 /* ViewController.h */,
				95874C901D58162D004E31B5 /* ViewController.m */,
				95874CA31D5816AC004E31B5 /* UIColor+NotRGB.h */,
				95874CA41D5816AC004E31B5 /* UIColor+NotRGB.m */,
				95874C921D58162D004E31B5 /* Main.storyboard */,
				95874C951D58162D004E31B5 /* Assets.xcassets */,
				95874C971D58162D004E31B5 /* LaunchScreen.storyboard */,
				95874C9A1D58162D004E31B5 /* Info.plist */,
				95874C891D58162D004E31B5 /* Supporting Files */,
			);
			path = UIColor16;
			sourceTree = "<group>";
		};
		95874C891D58162D004E31B5 /* Supporting Files */ = {
			isa = PBXGroup;
			children = (
				95874C8A1D58162D004E31B5 /* main.m */,
			);
			name = "Supporting Files";
			sourceTree = "<group>";
		};
/* End PBXGroup section */

/* Begin PBXNativeTarget section */
		95874C851D58162D004E31B5 /* UIColor16 */ = {
			isa = PBXNativeTarget;
			buildConfigurationList = 95874C9D1D58162D004E31B5 /* Build configuration list for PBXNativeTarget "UIColor16" */;
			buildPhases = (
				95874C821D58162D004E31B5 /* Sources */,
				95874C831D58162D004E31B5 /* Frameworks */,
				95874C841D58162D004E31B5 /* Resources */,
			);
			buildRules = (
			);
			dependencies = (
			);
			name = UIColor16;
			productName = UIColor16;
			productReference = 95874C861D58162D004E31B5 /* UIColor16.app */;
			productType = "com.apple.product-type.application";
		};
/* End PBXNativeTarget section */

/* Begin PBXProject section */
		95874C7E1D58162D004E31B5 /* Project object */ = {
			isa = PBXProject;
			attributes = {
				LastUpgradeCheck = 0730;
				ORGANIZATIONNAME = Dareway;
				TargetAttributes = {
					95874C851D58162D004E31B5 = {
						CreatedOnToolsVersion = 7.3;
					};
				};
			};
			buildConfigurationList = 95874C811D58162D004E31B5 /* Build configuration list for PBXProject "UIColor16" */;
			compatibilityVersion = "Xcode 3.2";
			developmentRegion = English;
			hasScannedForEncodings = 0;
			knownRegions = (
				en,
				Base,
			);
			mainGroup = 95874C7D1D58162D004E31B5;
			productRefGroup = 95874C871D58162D004E31B5 /* Products */;
			projectDirPath = "";
			projectRoot = "";
			targets = (
				95874C851D58162D004E31B5 /* UIColor16 */,
			);
		};
/* End PBXProject section */

/* Begin PBXResourcesBuildPhase section */
		95874C841D58162D004E31B5 /* Resources */ = {
			isa = PBXResourcesBuildPhase;
			buildActionMask = 2147483647;
			files = (
				95874C991D58162D004E31B5 /* LaunchScreen.storyboard in Resources */,
				95874C961D58162D004E31B5 /* Assets.xcassets in Resources */,
				95874C941D58162D004E31B5 /* Main.storyboard in Resources */,
			);
			runOnlyForDeploymentPostprocessing = 0;
		};
/* End PBXResourcesBuildPhase section */

/* Begin PBXSourcesBuildPhase section */
		95874C821D58162D004E31B5 /* Sources */ = {
			isa = PBXSourcesBuildPhase;
			buildActionMask = 2147483647;
			files = (
				95874C911D58162D004E31B5 /* ViewController.m in Sources */,
				95874C8E1D58162D004E31B5 /* AppDelegate.m in Sources */,
				95874C8B1D58162D004E31B5 /* main.m in Sources */,
				95874CA51D5816AC004E31B5 /* UIColor+NotRGB.m in Sources */,
			);
			runOnlyForDeploymentPostprocessing = 0;
		};
/* End PBXSourcesBuildPhase section */

/* Begin PBXVariantGroup section */
		95874C921D58162D004E31B5 /* Main.storyboard */ = {
			isa = PBXVariantGroup;
			children = (
				95874C931D58162D004E31B5 /* Base */,
			);
			name = Main.storyboard;
			sourceTree = "<group>";
		};
		95874C971D58162D004E31B5 /* LaunchScreen.storyboard */ = {
			isa = PBXVariantGroup;
			children = (
				95874C981D58162D004E31B5 /* Base */,
			);
			name = LaunchScreen.storyboard;
			sourceTree = "<group>";
		};
/* End PBXVariantGroup section */

/* Begin XCBuildConfiguration section */
		95874C9B1D58162D004E31B5 /* Debug */ = {
			isa = XCBuildConfiguration;
			buildSettings = {
				ALWAYS_SEARCH_USER_PATHS = NO;
				CLANG_ANALYZER_NONNULL = YES;
				CLANG_CXX_LANGUAGE_STANDARD = "gnu++0x";
				CLANG_CXX_LIBRARY = "libc++";
				CLANG_ENABLE_MODULES = YES;
				CLANG_ENABLE_OBJC_ARC = YES;
				CLANG_WARN_BOOL_CONVERSION = YES;
				CLANG_WARN_CONSTANT_CONVERSION = YES;
				CLANG_WARN_DIRECT_OBJC_ISA_USAGE = YES_ERROR;
				CLANG_WARN_EMPTY_BODY = YES;
				CLANG_WARN_ENUM_CONVERSION = YES;
				CLANG_WARN_INT_CONVERSION = YES;
				CLANG_WARN_OBJC_ROOT_CLASS = YES_ERROR;
				CLANG_WARN_UNREACHABLE_CODE = YES;
				CLANG_WARN__DUPLICATE_METHOD_MATCH = YES;
				"CODE_SIGN_IDENTITY[sdk=iphoneos*]" = "iPhone Developer";
				COPY_PHASE_STRIP = NO;
				DEBUG_INFORMATION_FORMAT = dwarf;
				ENABLE_STRICT_OBJC_MSGSEND = YES;
				ENABLE_TESTABILITY = YES;
				GCC_C_LANGUAGE_STANDARD = gnu99;
				GCC_DYNAMIC_NO_PIC = NO;
				GCC_NO_COMMON_BLOCKS = YES;
				GCC_OPTIMIZATION_LEVEL = 0;
				GCC_PREPROCESSOR_DEFINITIONS = (
					"DEBUG=1",
					"$(inherited)",
				);
				GCC_WARN_64_TO_32_BIT_CONVERSION = YES;
				GCC_WARN_ABOUT_RETURN_TYPE = YES_ERROR;
				GCC_WARN_UNDECLARED_SELECTOR = YES;
				GCC_WARN_UNINITIALIZED_AUTOS = YES_AGGRESSIVE;
				GCC_WARN_UNUSED_FUNCTION = YES;
				GCC_WARN_UNUSED_VARIABLE = YES;
				IPHONEOS_DEPLOYMENT_TARGET = 9.3;
				MTL_ENABLE_DEBUG_INFO = YES;
				ONLY_ACTIVE_ARCH = YES;
				SDKROOT = iphoneos;
				TARGETED_DEVICE_FAMILY = "1,2";
			};
			name = Debug;
		};
		95874C9C1D58162D004E31B5 /* Release */ = {
			isa = XCBuildConfiguration;
			buildSettings = {
				ALWAYS_SEARCH_USER_PATHS = NO;
				CLANG_ANALYZER_NONNULL = YES;
				CLANG_CXX_LANGUAGE_STANDARD = "gnu++0x";
				CLANG_CXX_LIBRARY = "libc++";
				CLANG_ENABLE_MODULES = YES;
				CLANG_ENABLE_OBJC_ARC = YES;
				CLANG_WARN_BOOL_CONVERSION = YES;
				CLANG_WARN_CONSTANT_CONVERSION = YES;
				CLANG_WARN_DIRECT_OBJC_ISA_USAGE = YES_ERROR;
				CLANG_WARN_EMPTY_BODY = YES;
				CLANG_WARN_ENUM_CONVERSION = YES;
				CLANG_WARN_INT_CONVERSION = YES;
				CLANG_WARN_OBJC_ROOT_CLASS = YES_ERROR;
				CLANG_WARN_UNREACHABLE_CODE = YES;
				CLANG_WARN__DUPLICATE_METHOD_MATCH = YES;
				"CODE_SIGN_IDENTITY[sdk=iphoneos*]" = "iPhone Developer";
				COPY_PHASE_STRIP = NO;
				DEBUG_INFORMATION_FORMAT = "dwarf-with-dsym";
				ENABLE_NS_ASSERTIONS = NO;
				ENABLE_STRICT_OBJC_MSGSEND = YES;
				GCC_C_LANGUAGE_STANDARD = gnu99;
				GCC_NO_COMMON_BLOCKS = YES;
				GCC_WARN_64_TO_32_BIT_CONVERSION = YES;
				GCC_WARN_ABOUT_RETURN_TYPE = YES_ERROR;
				GCC_WARN_UNDECLARED_SELECTOR = YES;
				GCC_WARN_UNINITIALIZED_AUTOS = YES_AGGRESSIVE;
				GCC_WARN_UNUSED_FUNCTION = YES;
				GCC_WARN_UNUSED_VARIABLE = YES;
				IPHONEOS_DEPLOYMENT_TARGET = 9.3;
				MTL_ENABLE_DEBUG_INFO = NO;
				SDKROOT = iphoneos;
				TARGETED_DEVICE_FAMILY = "1,2";
				VALIDATE_PRODUCT = YES;
			};
			name = Release;
		};
		95874C9E1D58162D004E31B5 /* Debug */ = {
			isa = XCBuildConfiguration;
			buildSettings = {
				ASSETCATALOG_COMPILER_APPICON_NAME = AppIcon;
				INFOPLIST_FILE = UIColor16/Info.plist;
				LD_RUNPATH_SEARCH_PATHS = "$(inherited) @executable_path/Frameworks";
				PRODUCT_BUNDLE_IDENTIFIER = Dareway.UIColor16;
				PRODUCT_NAME = "$(TARGET_NAME)";
			};
			name = Debug;
		};
		95874C9F1D58162D004E31B5 /* Release */ = {
			isa = XCBuildConfiguration;
			buildSettings = {
				ASSETCATALOG_COMPILER_APPICON_NAME = AppIcon;
				INFOPLIST_FILE = UIColor16/Info.plist;
				LD_RUNPATH_SEARCH_PATHS = "$(inherited) @executable_path/Frameworks";
				PRODUCT_BUNDLE_IDENTIFIER = Dareway.UIColor16;
				PRODUCT_NAME = "$(TARGET_NAME)";
			};
			name = Release;
		};
/* End XCBuildConfiguration section */

/* Begin XCConfigurationList section */
		95874C811D58162D004E31B5 /* Build configuration list for PBXProject "UIColor16" */ = {
			isa = XCConfigurationList;
			buildConfigurations = (
				95874C9B1D58162D004E31B5 /* Debug */,
				95874C9C1D58162D004E31B5 /* Release */,
			);
			defaultConfigurationIsVisible = 0;
			defaultConfigurationName = Release;
		};
		95874C9D1D58162D004E31B5 /* Build configuration list for PBXNativeTarget "UIColor16" */ = {
			isa = XCConfigurationList;
			buildConfigurations = (
				95874C9E1D58162D004E31B5 /* Debug */,
				95874C9F1D58162D004E31B5 /* Release */,
			);
			defaultConfigurationIsVisible = 0;
		};
/* End XCConfigurationList section */
	};
	rootObject = 95874C7E1D58162D004E31B5 /* Project object */;
}
